
Microsoft Visual Studio Solution File, Format Version 12.00
# Visual Studio Version 17
VisualStudioVersion = 17.3.32825.248
MinimumVisualStudioVersion = 10.0.40219.1
Project("{FAE04EC0-301F-11D3-BF4B-00C04F79EFBC}") = "PersonalFinanceAdvisor", "PersonalFinanceAdvisor.csproj", "{1ACC3915-4ACE-41C3-A42C-986E243BEDA8}"
EndProject
Project("{2150E333-8FDC-42A3-9474-1A3956D46DE8}") = "Solution Items", "Solution Items", "{D37E7F82-3CC9-4804-ACE4-EF9ED310E2E9}"
	ProjectSection(SolutionItems) = preProject
		XMLFile1.xml = XMLFile1.xml
	EndProjectSection
EndProject
Global
	GlobalSection(SolutionConfigurationPlatforms) = preSolution
		Debug|Any CPU = Debug|Any CPU
		Release|Any CPU = Release|Any CPU
	EndGlobalSection
	GlobalSection(ProjectConfigurationPlatforms) = postSolution
		{1ACC3915-4ACE-41C3-A42C-986E243BEDA8}.Debug|Any CPU.ActiveCfg = Debug|Any CPU
		{1ACC3915-4ACE-41C3-A42C-986E243BEDA8}.Debug|Any CPU.Build.0 = Debug|Any CPU
		{1ACC3915-4ACE-41C3-A42C-986E243BEDA8}.Release|Any CPU.ActiveCfg = Release|Any CPU
		{1ACC3915-4ACE-41C3-A42C-986E243BEDA8}.Release|Any CPU.Build.0 = Release|Any CPU
	EndGlobalSection
	GlobalSection(SolutionProperties) = preSolution
		HideSolutionNode = FALSE
	EndGlobalSection
	GlobalSection(ExtensibilityGlobals) = postSolution
		SolutionGuid = {73C4B76D-CE84-4EF4-977A-A841742802C7}
	EndGlobalSection
EndGlobal
