
Microsoft Visual Studio Solution File, Format Version 12.00
# Visual Studio Version 17
VisualStudioVersion = 17.3.32825.248
MinimumVisualStudioVersion = 10.0.40219.1
Project("{FAE04EC0-301F-11D3-BF4B-00C04F79EFBC}") = "BatchRename", "BatchRename.csproj", "{ED6A6EF2-BFA1-474E-A505-987FB47A0C11}"
EndProject
Global
	GlobalSection(SolutionConfigurationPlatforms) = preSolution
		Debug|Any CPU = Debug|Any CPU
		Release|Any CPU = Release|Any CPU
	EndGlobalSection
	GlobalSection(ProjectConfigurationPlatforms) = postSolution
		{ED6A6EF2-BFA1-474E-A505-987FB47A0C11}.Debug|Any CPU.ActiveCfg = Debug|Any CPU
		{ED6A6EF2-BFA1-474E-A505-987FB47A0C11}.Debug|Any CPU.Build.0 = Debug|Any CPU
		{ED6A6EF2-BFA1-474E-A505-987FB47A0C11}.Release|Any CPU.ActiveCfg = Release|Any CPU
		{ED6A6EF2-BFA1-474E-A505-987FB47A0C11}.Release|Any CPU.Build.0 = Release|Any CPU
	EndGlobalSection
	GlobalSection(SolutionProperties) = preSolution
		HideSolutionNode = FALSE
	EndGlobalSection
	GlobalSection(ExtensibilityGlobals) = postSolution
		SolutionGuid = {24A736E7-2183-4AF6-8029-E143572006F4}
	EndGlobalSection
EndGlobal
